
Microsoft Visual Studio Solution File, Format Version 12.00
Project("{FAE04EC0-301F-11D3-BF4B-00C04F79EFBC}") = "N_001_TPL", "N_001_TPL\N_001_TPL.csproj", "{1A7A77D0-9A25-472A-877E-A91DDFE5E5C3}"
EndProject
Project("{FAE04EC0-301F-11D3-BF4B-00C04F79EFBC}") = "N_002_TPL_Id", "N_002_TPL_Id\N_002_TPL_Id.csproj", "{A7A20D7C-46B8-48D3-94B6-D633BF9D29C1}"
EndProject
Project("{FAE04EC0-301F-11D3-BF4B-00C04F79EFBC}") = "N_003_TPL_Status", "N_003_TPL_Status\N_003_TPL_Status.csproj", "{2517FE07-42E3-4B6C-854A-74778F7054FE}"
EndProject
Project("{FAE04EC0-301F-11D3-BF4B-00C04F79EFBC}") = "N_004_TPL_IsBackground", "N_004_TPL_IsBackground\N_004_TPL_IsBackground.csproj", "{F97FD628-F52D-475F-96F0-93BFEDEC81E1}"
EndProject
Project("{FAE04EC0-301F-11D3-BF4B-00C04F79EFBC}") = "N_005_TPL_AsyncState", "N_005_TPL_AsyncState\N_005_TPL_AsyncState.csproj", "{DB27CC01-1666-4087-9171-EAC57442F7E8}"
EndProject
Project("{FAE04EC0-301F-11D3-BF4B-00C04F79EFBC}") = "N_006_TPL_Wait", "N_006_TPL_Wait\N_006_TPL_Wait.csproj", "{78423BA3-5946-4D1C-BAD7-7F441361816A}"
EndProject
Project("{FAE04EC0-301F-11D3-BF4B-00C04F79EFBC}") = "N_007_TPL_WaitAll", "N_007_TPL_WaitAll\N_007_TPL_WaitAll.csproj", "{47045594-E36C-4C4D-B1AB-7CC3EA6C00B3}"
EndProject
Project("{FAE04EC0-301F-11D3-BF4B-00C04F79EFBC}") = "N_008_TPL_Factory", "N_008_TPL_Factory\N_008_TPL_Factory.csproj", "{CFFDBE32-C334-48C3-99C7-237DCE6B53CC}"
EndProject
Project("{FAE04EC0-301F-11D3-BF4B-00C04F79EFBC}") = "N_009_Lambda", "N_009_Lambda\N_009_Lambda.csproj", "{07998193-BC31-4E7C-AA44-08B8D37DF0A1}"
EndProject
Project("{FAE04EC0-301F-11D3-BF4B-00C04F79EFBC}") = "N_010_TPL_Continuation", "N_010_TPL_Continuation\N_010_TPL_Continuation.csproj", "{2485519A-5FAE-4871-9AE1-534F0DB31D82}"
EndProject
Project("{FAE04EC0-301F-11D3-BF4B-00C04F79EFBC}") = "N_011_TPL_Return", "N_011_TPL_Return\N_011_TPL_Return.csproj", "{61D5D058-D28B-452A-A43A-B69B36633032}"
EndProject
Project("{FAE04EC0-301F-11D3-BF4B-00C04F79EFBC}") = "N_013_TPL_Exception", "N_013_TPL_Exception\N_013_TPL_Exception.csproj", "{0340EE92-04EF-41E4-811F-56795EA1633C}"
EndProject
Global
	GlobalSection(SolutionConfigurationPlatforms) = preSolution
		Debug|Any CPU = Debug|Any CPU
		Release|Any CPU = Release|Any CPU
	EndGlobalSection
	GlobalSection(ProjectConfigurationPlatforms) = postSolution
		{1A7A77D0-9A25-472A-877E-A91DDFE5E5C3}.Debug|Any CPU.ActiveCfg = Debug|Any CPU
		{1A7A77D0-9A25-472A-877E-A91DDFE5E5C3}.Debug|Any CPU.Build.0 = Debug|Any CPU
		{1A7A77D0-9A25-472A-877E-A91DDFE5E5C3}.Release|Any CPU.ActiveCfg = Release|Any CPU
		{1A7A77D0-9A25-472A-877E-A91DDFE5E5C3}.Release|Any CPU.Build.0 = Release|Any CPU
		{A7A20D7C-46B8-48D3-94B6-D633BF9D29C1}.Debug|Any CPU.ActiveCfg = Debug|Any CPU
		{A7A20D7C-46B8-48D3-94B6-D633BF9D29C1}.Debug|Any CPU.Build.0 = Debug|Any CPU
		{A7A20D7C-46B8-48D3-94B6-D633BF9D29C1}.Release|Any CPU.ActiveCfg = Release|Any CPU
		{A7A20D7C-46B8-48D3-94B6-D633BF9D29C1}.Release|Any CPU.Build.0 = Release|Any CPU
		{2517FE07-42E3-4B6C-854A-74778F7054FE}.Debug|Any CPU.ActiveCfg = Debug|Any CPU
		{2517FE07-42E3-4B6C-854A-74778F7054FE}.Debug|Any CPU.Build.0 = Debug|Any CPU
		{2517FE07-42E3-4B6C-854A-74778F7054FE}.Release|Any CPU.ActiveCfg = Release|Any CPU
		{2517FE07-42E3-4B6C-854A-74778F7054FE}.Release|Any CPU.Build.0 = Release|Any CPU
		{F97FD628-F52D-475F-96F0-93BFEDEC81E1}.Debug|Any CPU.ActiveCfg = Debug|Any CPU
		{F97FD628-F52D-475F-96F0-93BFEDEC81E1}.Debug|Any CPU.Build.0 = Debug|Any CPU
		{F97FD628-F52D-475F-96F0-93BFEDEC81E1}.Release|Any CPU.ActiveCfg = Release|Any CPU
		{F97FD628-F52D-475F-96F0-93BFEDEC81E1}.Release|Any CPU.Build.0 = Release|Any CPU
		{DB27CC01-1666-4087-9171-EAC57442F7E8}.Debug|Any CPU.ActiveCfg = Debug|Any CPU
		{DB27CC01-1666-4087-9171-EAC57442F7E8}.Debug|Any CPU.Build.0 = Debug|Any CPU
		{DB27CC01-1666-4087-9171-EAC57442F7E8}.Release|Any CPU.ActiveCfg = Release|Any CPU
		{DB27CC01-1666-4087-9171-EAC57442F7E8}.Release|Any CPU.Build.0 = Release|Any CPU
		{78423BA3-5946-4D1C-BAD7-7F441361816A}.Debug|Any CPU.ActiveCfg = Debug|Any CPU
		{78423BA3-5946-4D1C-BAD7-7F441361816A}.Debug|Any CPU.Build.0 = Debug|Any CPU
		{78423BA3-5946-4D1C-BAD7-7F441361816A}.Release|Any CPU.ActiveCfg = Release|Any CPU
		{78423BA3-5946-4D1C-BAD7-7F441361816A}.Release|Any CPU.Build.0 = Release|Any CPU
		{47045594-E36C-4C4D-B1AB-7CC3EA6C00B3}.Debug|Any CPU.ActiveCfg = Debug|Any CPU
		{47045594-E36C-4C4D-B1AB-7CC3EA6C00B3}.Debug|Any CPU.Build.0 = Debug|Any CPU
		{47045594-E36C-4C4D-B1AB-7CC3EA6C00B3}.Release|Any CPU.ActiveCfg = Release|Any CPU
		{47045594-E36C-4C4D-B1AB-7CC3EA6C00B3}.Release|Any CPU.Build.0 = Release|Any CPU
		{CFFDBE32-C334-48C3-99C7-237DCE6B53CC}.Debug|Any CPU.ActiveCfg = Debug|Any CPU
		{CFFDBE32-C334-48C3-99C7-237DCE6B53CC}.Debug|Any CPU.Build.0 = Debug|Any CPU
		{CFFDBE32-C334-48C3-99C7-237DCE6B53CC}.Release|Any CPU.ActiveCfg = Release|Any CPU
		{CFFDBE32-C334-48C3-99C7-237DCE6B53CC}.Release|Any CPU.Build.0 = Release|Any CPU
		{07998193-BC31-4E7C-AA44-08B8D37DF0A1}.Debug|Any CPU.ActiveCfg = Debug|Any CPU
		{07998193-BC31-4E7C-AA44-08B8D37DF0A1}.Debug|Any CPU.Build.0 = Debug|Any CPU
		{07998193-BC31-4E7C-AA44-08B8D37DF0A1}.Release|Any CPU.ActiveCfg = Release|Any CPU
		{07998193-BC31-4E7C-AA44-08B8D37DF0A1}.Release|Any CPU.Build.0 = Release|Any CPU
		{2485519A-5FAE-4871-9AE1-534F0DB31D82}.Debug|Any CPU.ActiveCfg = Debug|Any CPU
		{2485519A-5FAE-4871-9AE1-534F0DB31D82}.Debug|Any CPU.Build.0 = Debug|Any CPU
		{2485519A-5FAE-4871-9AE1-534F0DB31D82}.Release|Any CPU.ActiveCfg = Release|Any CPU
		{2485519A-5FAE-4871-9AE1-534F0DB31D82}.Release|Any CPU.Build.0 = Release|Any CPU
		{61D5D058-D28B-452A-A43A-B69B36633032}.Debug|Any CPU.ActiveCfg = Debug|Any CPU
		{61D5D058-D28B-452A-A43A-B69B36633032}.Debug|Any CPU.Build.0 = Debug|Any CPU
		{61D5D058-D28B-452A-A43A-B69B36633032}.Release|Any CPU.ActiveCfg = Release|Any CPU
		{61D5D058-D28B-452A-A43A-B69B36633032}.Release|Any CPU.Build.0 = Release|Any CPU
		{0340EE92-04EF-41E4-811F-56795EA1633C}.Debug|Any CPU.ActiveCfg = Debug|Any CPU
		{0340EE92-04EF-41E4-811F-56795EA1633C}.Debug|Any CPU.Build.0 = Debug|Any CPU
		{0340EE92-04EF-41E4-811F-56795EA1633C}.Release|Any CPU.ActiveCfg = Release|Any CPU
		{0340EE92-04EF-41E4-811F-56795EA1633C}.Release|Any CPU.Build.0 = Release|Any CPU
	EndGlobalSection
EndGlobal
