
Microsoft Visual Studio Solution File, Format Version 12.00
Project("{FAE04EC0-301F-11D3-BF4B-00C04F79EFBC}") = "N_001_TPL", "N_001_TPL\N_001_TPL.csproj", "{1A7A77D0-9A25-472A-877E-A91DDFE5E5C3}"
EndProject
Project("{FAE04EC0-301F-11D3-BF4B-00C04F79EFBC}") = "N_002_TPL_Id", "N_002_TPL_Id\N_002_TPL_Id.csproj", "{A7A20D7C-46B8-48D3-94B6-D633BF9D29C1}"
EndProject
Project("{FAE04EC0-301F-11D3-BF4B-00C04F79EFBC}") = "N_003_TPL_Status", "N_003_TPL_Status\N_003_TPL_Status.csproj", "{2517FE07-42E3-4B6C-854A-74778F7054FE}"
EndProject
Project("{FAE04EC0-301F-11D3-BF4B-00C04F79EFBC}") = "N_004_TPL_IsBackground", "N_004_TPL_IsBackground\N_004_TPL_IsBackground.csproj", "{F97FD628-F52D-475F-96F0-93BFEDEC81E1}"
EndProject
Project("{FAE04EC0-301F-11D3-BF4B-00C04F79EFBC}") = "N_005_TPL_AsyncState", "N_005_TPL_AsyncState\N_005_TPL_AsyncState.csproj", "{DB27CC01-1666-4087-9171-EAC57442F7E8}"
EndProject
Global
	GlobalSection(SolutionConfigurationPlatforms) = preSolution
		Debug|Any CPU = Debug|Any CPU
		Release|Any CPU = Release|Any CPU
	EndGlobalSection
	GlobalSection(ProjectConfigurationPlatforms) = postSolution
		{1A7A77D0-9A25-472A-877E-A91DDFE5E5C3}.Debug|Any CPU.ActiveCfg = Debug|Any CPU
		{1A7A77D0-9A25-472A-877E-A91DDFE5E5C3}.Debug|Any CPU.Build.0 = Debug|Any CPU
		{1A7A77D0-9A25-472A-877E-A91DDFE5E5C3}.Release|Any CPU.ActiveCfg = Release|Any CPU
		{1A7A77D0-9A25-472A-877E-A91DDFE5E5C3}.Release|Any CPU.Build.0 = Release|Any CPU
		{A7A20D7C-46B8-48D3-94B6-D633BF9D29C1}.Debug|Any CPU.ActiveCfg = Debug|Any CPU
		{A7A20D7C-46B8-48D3-94B6-D633BF9D29C1}.Debug|Any CPU.Build.0 = Debug|Any CPU
		{A7A20D7C-46B8-48D3-94B6-D633BF9D29C1}.Release|Any CPU.ActiveCfg = Release|Any CPU
		{A7A20D7C-46B8-48D3-94B6-D633BF9D29C1}.Release|Any CPU.Build.0 = Release|Any CPU
		{2517FE07-42E3-4B6C-854A-74778F7054FE}.Debug|Any CPU.ActiveCfg = Debug|Any CPU
		{2517FE07-42E3-4B6C-854A-74778F7054FE}.Debug|Any CPU.Build.0 = Debug|Any CPU
		{2517FE07-42E3-4B6C-854A-74778F7054FE}.Release|Any CPU.ActiveCfg = Release|Any CPU
		{2517FE07-42E3-4B6C-854A-74778F7054FE}.Release|Any CPU.Build.0 = Release|Any CPU
		{F97FD628-F52D-475F-96F0-93BFEDEC81E1}.Debug|Any CPU.ActiveCfg = Debug|Any CPU
		{F97FD628-F52D-475F-96F0-93BFEDEC81E1}.Debug|Any CPU.Build.0 = Debug|Any CPU
		{F97FD628-F52D-475F-96F0-93BFEDEC81E1}.Release|Any CPU.ActiveCfg = Release|Any CPU
		{F97FD628-F52D-475F-96F0-93BFEDEC81E1}.Release|Any CPU.Build.0 = Release|Any CPU
		{DB27CC01-1666-4087-9171-EAC57442F7E8}.Debug|Any CPU.ActiveCfg = Debug|Any CPU
		{DB27CC01-1666-4087-9171-EAC57442F7E8}.Debug|Any CPU.Build.0 = Debug|Any CPU
		{DB27CC01-1666-4087-9171-EAC57442F7E8}.Release|Any CPU.ActiveCfg = Release|Any CPU
		{DB27CC01-1666-4087-9171-EAC57442F7E8}.Release|Any CPU.Build.0 = Release|Any CPU
	EndGlobalSection
EndGlobal
